{
  "name": "quick-touch",
  "version": "1.0.0",
  "lockfileVersion": 2,
  "requires": true,
  "packages": {
    "": {
      "name": "quick-touch",
      "version": "1.0.0",
      "hasInstallScript": true,
      "dependencies": {
        "list-installed-apps": "file:../../native/list-installed-apps"
      }
    },
    "../../native/list-installed-apps": {
      "version": "1.0.0",
      "hasInstallScript": true,
      "license": "ISC",
      "dependencies": {
        "bindings": "^1.5.0",
        "node-addon-api": "^8.3.1"
      }
    },
    "node_modules/list-installed-apps": {
      "resolved": "../../native/list-installed-apps",
      "link": true
    }
  },
  "dependencies": {
    "list-installed-apps": {
      "version": "file:../../native/list-installed-apps",
      "requires": {
        "bindings": "^1.5.0",
        "node-addon-api": "^8.3.1"
      }
    }
  }
}
